
Microsoft Visual Studio Solution File, Format Version 12.00
# Visual Studio 15
VisualStudioVersion = 15.0.27703.2000
MinimumVisualStudioVersion = 10.0.40219.1
Project("{FAE04EC0-301F-11D3-BF4B-00C04F79EFBC}") = "Blood Web V3", "Blood Web V3\Blood Web V3.csproj", "{BAC47947-165D-42AD-8012-07AC615FE212}"
EndProject
Global
	GlobalSection(SolutionConfigurationPlatforms) = preSolution
		Debug|Any CPU = Debug|Any CPU
		Release|Any CPU = Release|Any CPU
	EndGlobalSection
	GlobalSection(ProjectConfigurationPlatforms) = postSolution
		{BAC47947-165D-42AD-8012-07AC615FE212}.Debug|Any CPU.ActiveCfg = Debug|Any CPU
		{BAC47947-165D-42AD-8012-07AC615FE212}.Debug|Any CPU.Build.0 = Debug|Any CPU
		{BAC47947-165D-42AD-8012-07AC615FE212}.Release|Any CPU.ActiveCfg = Release|Any CPU
		{BAC47947-165D-42AD-8012-07AC615FE212}.Release|Any CPU.Build.0 = Release|Any CPU
	EndGlobalSection
	GlobalSection(SolutionProperties) = preSolution
		HideSolutionNode = FALSE
	EndGlobalSection
	GlobalSection(ExtensibilityGlobals) = postSolution
		SolutionGuid = {2F70E66E-E41C-42FF-9E83-CA3F40E1FA17}
	EndGlobalSection
EndGlobal
